
Microsoft Visual Studio Solution File, Format Version 12.00
# Visual Studio Version 17
VisualStudioVersion = 17.8.34316.72
MinimumVisualStudioVersion = 10.0.40219.1
Project("{FAE04EC0-301F-11D3-BF4B-00C04F79EFBC}") = "BlowingBirthdayCandles", "BlowingBirthdayCandles\BlowingBirthdayCandles.csproj", "{D701D7FE-7181-4A61-A039-63D39BE27A29}"
EndProject
Global
	GlobalSection(SolutionConfigurationPlatforms) = preSolution
		Debug|Any CPU = Debug|Any CPU
		Release|Any CPU = Release|Any CPU
	EndGlobalSection
	GlobalSection(ProjectConfigurationPlatforms) = postSolution
		{D701D7FE-7181-4A61-A039-63D39BE27A29}.Debug|Any CPU.ActiveCfg = Debug|Any CPU
		{D701D7FE-7181-4A61-A039-63D39BE27A29}.Debug|Any CPU.Build.0 = Debug|Any CPU
		{D701D7FE-7181-4A61-A039-63D39BE27A29}.Release|Any CPU.ActiveCfg = Release|Any CPU
		{D701D7FE-7181-4A61-A039-63D39BE27A29}.Release|Any CPU.Build.0 = Release|Any CPU
	EndGlobalSection
	GlobalSection(SolutionProperties) = preSolution
		HideSolutionNode = FALSE
	EndGlobalSection
	GlobalSection(ExtensibilityGlobals) = postSolution
		SolutionGuid = {C49D9238-E274-4D47-A38B-0CC0EEDFC9D9}
	EndGlobalSection
EndGlobal
